
Microsoft Visual Studio Solution File, Format Version 12.00
# Visual Studio Version 17
VisualStudioVersion = 17.12.35527.113 d17.12
MinimumVisualStudioVersion = 10.0.40219.1
Project("{FAE04EC0-301F-11D3-BF4B-00C04F79EFBC}") = "GestorCatalogoWeb", "GestorCatalogoWeb\GestorCatalogoWeb.csproj", "{9A08BAD6-C8A6-4B36-A39B-ADD6378F2142}"
EndProject
Project("{FAE04EC0-301F-11D3-BF4B-00C04F79EFBC}") = "Dominio", "Dominio\Dominio.csproj", "{8ADA6696-025B-40CC-B5B6-91C4BD9A0FF5}"
EndProject
Project("{FAE04EC0-301F-11D3-BF4B-00C04F79EFBC}") = "Negocio", "AccesoDatos\Negocio.csproj", "{8FBA775B-CE86-4703-B36E-9D4993526653}"
EndProject
Global
	GlobalSection(SolutionConfigurationPlatforms) = preSolution
		Debug|Any CPU = Debug|Any CPU
		Release|Any CPU = Release|Any CPU
	EndGlobalSection
	GlobalSection(ProjectConfigurationPlatforms) = postSolution
		{9A08BAD6-C8A6-4B36-A39B-ADD6378F2142}.Debug|Any CPU.ActiveCfg = Debug|Any CPU
		{9A08BAD6-C8A6-4B36-A39B-ADD6378F2142}.Debug|Any CPU.Build.0 = Debug|Any CPU
		{9A08BAD6-C8A6-4B36-A39B-ADD6378F2142}.Release|Any CPU.ActiveCfg = Release|Any CPU
		{9A08BAD6-C8A6-4B36-A39B-ADD6378F2142}.Release|Any CPU.Build.0 = Release|Any CPU
		{8ADA6696-025B-40CC-B5B6-91C4BD9A0FF5}.Debug|Any CPU.ActiveCfg = Debug|Any CPU
		{8ADA6696-025B-40CC-B5B6-91C4BD9A0FF5}.Debug|Any CPU.Build.0 = Debug|Any CPU
		{8ADA6696-025B-40CC-B5B6-91C4BD9A0FF5}.Release|Any CPU.ActiveCfg = Release|Any CPU
		{8ADA6696-025B-40CC-B5B6-91C4BD9A0FF5}.Release|Any CPU.Build.0 = Release|Any CPU
		{8FBA775B-CE86-4703-B36E-9D4993526653}.Debug|Any CPU.ActiveCfg = Debug|Any CPU
		{8FBA775B-CE86-4703-B36E-9D4993526653}.Debug|Any CPU.Build.0 = Debug|Any CPU
		{8FBA775B-CE86-4703-B36E-9D4993526653}.Release|Any CPU.ActiveCfg = Release|Any CPU
		{8FBA775B-CE86-4703-B36E-9D4993526653}.Release|Any CPU.Build.0 = Release|Any CPU
	EndGlobalSection
	GlobalSection(SolutionProperties) = preSolution
		HideSolutionNode = FALSE
	EndGlobalSection
EndGlobal
